
Microsoft Visual Studio Solution File, Format Version 12.00
Project("{FAE04EC0-301F-11D3-BF4B-00C04F79EFBC}") = "Library.Api", "Library.Api\Library.Api.csproj", "{60690E7F-6D00-43F9-9395-1307EAE4FA53}"
EndProject
Global
	GlobalSection(SolutionConfigurationPlatforms) = preSolution
		Debug|Any CPU = Debug|Any CPU
		Release|Any CPU = Release|Any CPU
	EndGlobalSection
	GlobalSection(ProjectConfigurationPlatforms) = postSolution
		{60690E7F-6D00-43F9-9395-1307EAE4FA53}.Debug|Any CPU.ActiveCfg = Debug|Any CPU
		{60690E7F-6D00-43F9-9395-1307EAE4FA53}.Debug|Any CPU.Build.0 = Debug|Any CPU
		{60690E7F-6D00-43F9-9395-1307EAE4FA53}.Release|Any CPU.ActiveCfg = Release|Any CPU
		{60690E7F-6D00-43F9-9395-1307EAE4FA53}.Release|Any CPU.Build.0 = Release|Any CPU
	EndGlobalSection
EndGlobal
